
Microsoft Visual Studio Solution File, Format Version 12.00
# Visual Studio Version 16
VisualStudioVersion = 16.0.31424.327
MinimumVisualStudioVersion = 10.0.40219.1
Project("{9A19103F-16F7-4668-BE54-9A1E7A4F7556}") = "Mod5Task1", "Mod5Task1\Mod5Task1.csproj", "{BB6759D7-824E-4CB7-8C4A-09BDC897B920}"
EndProject
Project("{9A19103F-16F7-4668-BE54-9A1E7A4F7556}") = "Mod5Task2", "Mod5Task2\Mod5Task2.csproj", "{4355BDFD-7E6C-4B3E-95C3-10D2F488373E}"
EndProject
Project("{9A19103F-16F7-4668-BE54-9A1E7A4F7556}") = "Mod5Task3", "Mod5Task3\Mod5Task3.csproj", "{FDE4297D-FDE9-427B-B5B8-85C0299F90B0}"
EndProject
Project("{9A19103F-16F7-4668-BE54-9A1E7A4F7556}") = "Mod5Task4", "Mod5Task4\Mod5Task4.csproj", "{8DF6E4A5-41AB-47DF-BC5E-FD0FB3EE237D}"
EndProject
Project("{FAE04EC0-301F-11D3-BF4B-00C04F79EFBC}") = "Mod5Task5", "Mod5Task5\Mod5Task5.csproj", "{78E3AB6C-F97C-4A6F-A541-82BE43C842FB}"
EndProject
Global
	GlobalSection(SolutionConfigurationPlatforms) = preSolution
		Debug|Any CPU = Debug|Any CPU
		Release|Any CPU = Release|Any CPU
	EndGlobalSection
	GlobalSection(ProjectConfigurationPlatforms) = postSolution
		{BB6759D7-824E-4CB7-8C4A-09BDC897B920}.Debug|Any CPU.ActiveCfg = Debug|Any CPU
		{BB6759D7-824E-4CB7-8C4A-09BDC897B920}.Debug|Any CPU.Build.0 = Debug|Any CPU
		{BB6759D7-824E-4CB7-8C4A-09BDC897B920}.Release|Any CPU.ActiveCfg = Release|Any CPU
		{BB6759D7-824E-4CB7-8C4A-09BDC897B920}.Release|Any CPU.Build.0 = Release|Any CPU
		{4355BDFD-7E6C-4B3E-95C3-10D2F488373E}.Debug|Any CPU.ActiveCfg = Debug|Any CPU
		{4355BDFD-7E6C-4B3E-95C3-10D2F488373E}.Debug|Any CPU.Build.0 = Debug|Any CPU
		{4355BDFD-7E6C-4B3E-95C3-10D2F488373E}.Release|Any CPU.ActiveCfg = Release|Any CPU
		{4355BDFD-7E6C-4B3E-95C3-10D2F488373E}.Release|Any CPU.Build.0 = Release|Any CPU
		{FDE4297D-FDE9-427B-B5B8-85C0299F90B0}.Debug|Any CPU.ActiveCfg = Debug|Any CPU
		{FDE4297D-FDE9-427B-B5B8-85C0299F90B0}.Debug|Any CPU.Build.0 = Debug|Any CPU
		{FDE4297D-FDE9-427B-B5B8-85C0299F90B0}.Release|Any CPU.ActiveCfg = Release|Any CPU
		{FDE4297D-FDE9-427B-B5B8-85C0299F90B0}.Release|Any CPU.Build.0 = Release|Any CPU
		{8DF6E4A5-41AB-47DF-BC5E-FD0FB3EE237D}.Debug|Any CPU.ActiveCfg = Debug|Any CPU
		{8DF6E4A5-41AB-47DF-BC5E-FD0FB3EE237D}.Debug|Any CPU.Build.0 = Debug|Any CPU
		{8DF6E4A5-41AB-47DF-BC5E-FD0FB3EE237D}.Release|Any CPU.ActiveCfg = Release|Any CPU
		{8DF6E4A5-41AB-47DF-BC5E-FD0FB3EE237D}.Release|Any CPU.Build.0 = Release|Any CPU
		{78E3AB6C-F97C-4A6F-A541-82BE43C842FB}.Debug|Any CPU.ActiveCfg = Debug|Any CPU
		{78E3AB6C-F97C-4A6F-A541-82BE43C842FB}.Debug|Any CPU.Build.0 = Debug|Any CPU
		{78E3AB6C-F97C-4A6F-A541-82BE43C842FB}.Release|Any CPU.ActiveCfg = Release|Any CPU
		{78E3AB6C-F97C-4A6F-A541-82BE43C842FB}.Release|Any CPU.Build.0 = Release|Any CPU
	EndGlobalSection
	GlobalSection(SolutionProperties) = preSolution
		HideSolutionNode = FALSE
	EndGlobalSection
	GlobalSection(ExtensibilityGlobals) = postSolution
		SolutionGuid = {96BC6339-80F9-422B-A171-5ECACCD8CD8E}
	EndGlobalSection
EndGlobal
